{"1.1.0",
[{<<"cf">>,{pkg,<<"cf">>,<<"0.2.2">>},1},
 {<<"erlware_commons">>,
  {git,"git://github.com/wrren/erlware_commons.git",
       {ref,"3ad087f8e020b521ed3d70c89b563cef464510fe"}},
  0},
 {<<"jsx">>,{pkg,<<"jsx">>,<<"2.8.0">>},0},
 {<<"url">>,
  {git,"git://github.com/wrren/url.erl.git",
       {ref,"5b06334e319da7df5cc52d9c3d54221e4f3156ac"}},
  0},
 {<<"want">>,
  {git,"git://github.com/wrren/want.erl.git",
       {ref,"13f9f5fd2c27dac12288203caa0be3772023be91"}},
  0}]}.
[
{pkg_hash,[
 {<<"cf">>, <<"7F2913FFF90ABCABD0F489896CFEB0B0674F6C8DF6C10B17A83175448029896C">>},
 {<<"jsx">>, <<"749BEC6D205C694AE1786D62CEA6CC45A390437E24835FD16D12D74F07097727">>}]}
].
